
Microsoft Visual Studio Solution File, Format Version 12.00
# Visual Studio 15
VisualStudioVersion = 15.0.28307.757
MinimumVisualStudioVersion = 10.0.40219.1
Project("{FAE04EC0-301F-11D3-BF4B-00C04F79EFBC}") = "DeepGuardReseller", "DeepGuardReseller\DeepGuardReseller.csproj", "{9163FA39-3C18-40F8-8220-D78EAF637696}"
EndProject
Global
	GlobalSection(SolutionConfigurationPlatforms) = preSolution
		Debug|Any CPU = Debug|Any CPU
		Release|Any CPU = Release|Any CPU
	EndGlobalSection
	GlobalSection(ProjectConfigurationPlatforms) = postSolution
		{9163FA39-3C18-40F8-8220-D78EAF637696}.Debug|Any CPU.ActiveCfg = Debug|Any CPU
		{9163FA39-3C18-40F8-8220-D78EAF637696}.Debug|Any CPU.Build.0 = Debug|Any CPU
		{9163FA39-3C18-40F8-8220-D78EAF637696}.Release|Any CPU.ActiveCfg = Release|Any CPU
		{9163FA39-3C18-40F8-8220-D78EAF637696}.Release|Any CPU.Build.0 = Release|Any CPU
	EndGlobalSection
	GlobalSection(SolutionProperties) = preSolution
		HideSolutionNode = FALSE
	EndGlobalSection
	GlobalSection(ExtensibilityGlobals) = postSolution
		SolutionGuid = {3E1ADC24-DE2C-4281-8773-95A533C6DAB4}
	EndGlobalSection
EndGlobal
